{
  "name": "avsc",
  "version": "6.0.0",
  "lockfileVersion": 1,
  "requires": true,
  "dependencies": {
    "@avro/idl": {
      "version": "0.1.1",
      "resolved": "https://registry.npmjs.org/@avro/idl/-/idl-0.1.1.tgz",
      "integrity": "sha512-Dd+NxiLA7i7wk/1N5x++TE9aIECr4xm1A6Bj08SITlVozygWZ9ZIlyU7xeTbySpeVvq5yoEYNKJ7UUZ9+RXccw=="
    },
    "@avro/services": {
      "version": "0.10.0",
      "resolved": "https://registry.npmjs.org/@avro/services/-/services-0.10.0.tgz",
      "integrity": "sha512-NRUleeVQTdNKgWjMTkvBqKeqQIMxvCdmn8Qp8BrfOz5Idhd7NCre4K/+qGaAGagED6fBqgJWayDP3wbm7OMy6Q==",
      "requires": {
        "backoff": "^2.5.0",
        "bluebird": "^3.5.3",
        "debug": "^4.1.1",
        "luxon": "^1.11.4"
      }
    },
    "@avro/streams": {
      "version": "0.2.0",
      "resolved": "https://registry.npmjs.org/@avro/streams/-/streams-0.2.0.tgz",
      "integrity": "sha512-IesCrEHYC9NRLZbYtwCyOiVPdhcoOOoFJL1vNK0Q3PjRD4NdwYo0kYbDnsNran2HWHZCF45DaPlXJF3GPhy43Q=="
    },
    "@avro/types": {
      "version": "1.0.2",
      "resolved": "https://registry.npmjs.org/@avro/types/-/types-1.0.2.tgz",
      "integrity": "sha512-wU1bM5EuRIm8/xiLCIIqXAbt+G+5Qc8h2rvnq8EgcR3tGMx7IPzdZL5t7qlPXCYMePVV6UHFP543ZKOPjYDNPQ=="
    },
    "backoff": {
      "version": "2.5.0",
      "resolved": "https://registry.npmjs.org/backoff/-/backoff-2.5.0.tgz",
      "integrity": "sha1-9hbtqdPktmuMp/ynn2lXIsX44m8=",
      "requires": {
        "precond": "0.2"
      }
    },
    "bluebird": {
      "version": "3.5.5",
      "resolved": "https://registry.npmjs.org/bluebird/-/bluebird-3.5.5.tgz",
      "integrity": "sha512-5am6HnnfN+urzt4yfg7IgTbotDjIT/u8AJpEt0sIU9FtXfVeezXAPKswrG+xKUCOYAINpSdgZVDU6QFh+cuH3w==",
      "optional": true
    },
    "debug": {
      "version": "4.1.1",
      "resolved": "https://registry.npmjs.org/debug/-/debug-4.1.1.tgz",
      "integrity": "sha512-pYAIzeRo8J6KPEaJ0VWOh5Pzkbw/RetuzehGM7QRRX5he4fPHx2rdKMB256ehJCkX+XRQm16eZLqLNS8RSZXZw==",
      "requires": {
        "ms": "^2.1.1"
      }
    },
    "luxon": {
      "version": "1.16.0",
      "resolved": "https://registry.npmjs.org/luxon/-/luxon-1.16.0.tgz",
      "integrity": "sha512-qaqB+JwpGwtl7UbIXng3A/l4W/ySBr8drQvwtMLZBMiLD2V+0fEnPWMrs+UjnIy9PsktazQaKvwDUCLzoWz0Hw=="
    },
    "ms": {
      "version": "2.1.2",
      "resolved": "https://registry.npmjs.org/ms/-/ms-2.1.2.tgz",
      "integrity": "sha512-sGkPx+VjMtmA6MX27oA4FBFELFCZZ4S4XqeGOXCv68tT+jb3vk/RyaKWP0PTKyWtmLSM0b+adUTEvbs1PEaH2w=="
    },
    "precond": {
      "version": "0.2.3",
      "resolved": "https://registry.npmjs.org/precond/-/precond-0.2.3.tgz",
      "integrity": "sha1-qpWRvKokkj8eD0hJ0kD0fvwQdaw="
    }
  }
}
